
Microsoft Visual Studio Solution File, Format Version 12.00
# Visual Studio Version 16
VisualStudioVersion = 16.0.32802.440
MinimumVisualStudioVersion = 10.0.40219.1
Project("{8BC9CEB8-8B4A-11D0-8D11-00A0C91BC942}") = "proxy_pattern", "proxy_pattern\proxy_pattern.vcxproj", "{BCF2E545-7057-40F9-B604-317731BA6E9C}"
EndProject
Global
	GlobalSection(SolutionConfigurationPlatforms) = preSolution
		Debug|x64 = Debug|x64
		Debug|x86 = Debug|x86
		Release|x64 = Release|x64
		Release|x86 = Release|x86
	EndGlobalSection
	GlobalSection(ProjectConfigurationPlatforms) = postSolution
		{BCF2E545-7057-40F9-B604-317731BA6E9C}.Debug|x64.ActiveCfg = Debug|x64
		{BCF2E545-7057-40F9-B604-317731BA6E9C}.Debug|x64.Build.0 = Debug|x64
		{BCF2E545-7057-40F9-B604-317731BA6E9C}.Debug|x86.ActiveCfg = Debug|Win32
		{BCF2E545-7057-40F9-B604-317731BA6E9C}.Debug|x86.Build.0 = Debug|Win32
		{BCF2E545-7057-40F9-B604-317731BA6E9C}.Release|x64.ActiveCfg = Release|x64
		{BCF2E545-7057-40F9-B604-317731BA6E9C}.Release|x64.Build.0 = Release|x64
		{BCF2E545-7057-40F9-B604-317731BA6E9C}.Release|x86.ActiveCfg = Release|Win32
		{BCF2E545-7057-40F9-B604-317731BA6E9C}.Release|x86.Build.0 = Release|Win32
	EndGlobalSection
	GlobalSection(SolutionProperties) = preSolution
		HideSolutionNode = FALSE
	EndGlobalSection
	GlobalSection(ExtensibilityGlobals) = postSolution
		SolutionGuid = {563A574F-9074-4744-86B5-4575591F9FA1}
	EndGlobalSection
EndGlobal
